
Microsoft Visual Studio Solution File, Format Version 12.00
# Visual Studio Version 16
VisualStudioVersion = 16.0.30717.126
MinimumVisualStudioVersion = 10.0.40219.1
Project("{FAE04EC0-301F-11D3-BF4B-00C04F79EFBC}") = "TestRocketLanding", "TestRocketLanding\TestRocketLanding.csproj", "{89FFBF1A-EE34-416A-B3C4-C85F73E56330}"
EndProject
Project("{FAE04EC0-301F-11D3-BF4B-00C04F79EFBC}") = "RocketLanding", "RocketLanding\RocketLanding.csproj", "{DA807A6C-AF97-44D3-9D4D-C79214516FAE}"
EndProject
Global
	GlobalSection(SolutionConfigurationPlatforms) = preSolution
		Debug|Any CPU = Debug|Any CPU
		Release|Any CPU = Release|Any CPU
	EndGlobalSection
	GlobalSection(ProjectConfigurationPlatforms) = postSolution
		{89FFBF1A-EE34-416A-B3C4-C85F73E56330}.Debug|Any CPU.ActiveCfg = Debug|Any CPU
		{89FFBF1A-EE34-416A-B3C4-C85F73E56330}.Debug|Any CPU.Build.0 = Debug|Any CPU
		{89FFBF1A-EE34-416A-B3C4-C85F73E56330}.Release|Any CPU.ActiveCfg = Release|Any CPU
		{89FFBF1A-EE34-416A-B3C4-C85F73E56330}.Release|Any CPU.Build.0 = Release|Any CPU
		{DA807A6C-AF97-44D3-9D4D-C79214516FAE}.Debug|Any CPU.ActiveCfg = Debug|Any CPU
		{DA807A6C-AF97-44D3-9D4D-C79214516FAE}.Debug|Any CPU.Build.0 = Debug|Any CPU
		{DA807A6C-AF97-44D3-9D4D-C79214516FAE}.Release|Any CPU.ActiveCfg = Release|Any CPU
		{DA807A6C-AF97-44D3-9D4D-C79214516FAE}.Release|Any CPU.Build.0 = Release|Any CPU
	EndGlobalSection
	GlobalSection(SolutionProperties) = preSolution
		HideSolutionNode = FALSE
	EndGlobalSection
	GlobalSection(ExtensibilityGlobals) = postSolution
		SolutionGuid = {D99B1C3E-82A0-46F6-AE0D-DBEBEA5086BB}
	EndGlobalSection
EndGlobal
